
Microsoft Visual Studio Solution File, Format Version 12.00
# Visual Studio Version 17
VisualStudioVersion = 17.3.32825.248
MinimumVisualStudioVersion = 10.0.40219.1
Project("{FAE04EC0-301F-11D3-BF4B-00C04F79EFBC}") = "AssetTracking-2", "AssetTracking-2\AssetTracking-2.csproj", "{CF71031D-4183-4F9F-A892-4CD3541E3681}"
EndProject
Global
	GlobalSection(SolutionConfigurationPlatforms) = preSolution
		Debug|Any CPU = Debug|Any CPU
		Release|Any CPU = Release|Any CPU
	EndGlobalSection
	GlobalSection(ProjectConfigurationPlatforms) = postSolution
		{CF71031D-4183-4F9F-A892-4CD3541E3681}.Debug|Any CPU.ActiveCfg = Debug|Any CPU
		{CF71031D-4183-4F9F-A892-4CD3541E3681}.Debug|Any CPU.Build.0 = Debug|Any CPU
		{CF71031D-4183-4F9F-A892-4CD3541E3681}.Release|Any CPU.ActiveCfg = Release|Any CPU
		{CF71031D-4183-4F9F-A892-4CD3541E3681}.Release|Any CPU.Build.0 = Release|Any CPU
	EndGlobalSection
	GlobalSection(SolutionProperties) = preSolution
		HideSolutionNode = FALSE
	EndGlobalSection
	GlobalSection(ExtensibilityGlobals) = postSolution
		SolutionGuid = {3A75F306-F2F0-4243-80A9-9C20F70EF075}
	EndGlobalSection
EndGlobal
